PackratFormat: 1.4
PackratVersion: 0.4.8.21
RVersion: 3.4.1
Repos: CRAN=https://cran.rstudio.com/,
    CRANextra=http://www.stats.ox.ac.uk/pub/RWin

Package: R6
Source: CRAN
Version: 2.2.2
Hash: b2366cd9d2f3851a5704b4e192b985c2

Package: Rcpp
Source: CRAN
Version: 0.12.12
Hash: 8b3d5ebb9a9a4ab5c86b3a81b0cfb774

Package: assertive.base
Source: CRAN
Version: 0.0-7
Hash: 8f03c41e14a81aa5ca9a8f94f2c91692

Package: assertive.numbers
Source: CRAN
Version: 0.0-2
Hash: 64fe6f9b796ea47a1387ff9dffb41635

Package: assertive.properties
Source: CRAN
Version: 0.0-4
Hash: f28345140a6af574c71eb19d9efaa62e

Package: assertive.types
Source: CRAN
Version: 0.0-3
Hash: 8c7fdb41ce909452f6c2ac87fc700ffc

Package: magrittr
Source: CRAN
Version: 1.5
Hash: bdc4d48c3135e8f3b399536ddf160df4

Package: packrat
Source: github
Version: 0.4.8-21
Hash: cc7987675188c1a74c027d75247cccc6
GithubRepo: packrat
GithubUsername: rstudio
GithubRef: master
GithubSha1: ff5a9523d749ad0e936f828197f09979904251b3

Package: pryr
Source: CRAN
Version: 0.1.2
Hash: acf91611cd58b374cc98f0075491fbd1

Package: stringi
Source: CRAN
Version: 1.1.5
Hash: b6308e49357a0b475f433599e0d8b5eb

Package: stringr
Source: CRAN
Version: 1.2.0
Hash: 25a86d7f410513ebb7c0bc6a5e16bdc3
